PODS:
  - Alamofire (5.0.5)
  - KeychainSwift (20.0.0)
  - ObjectMapper (3.5.3)
  - SDWebImage (5.11.1):
    - SDWebImage/Core (= 5.11.1)
  - SDWebImage/Core (5.11.1)
  - SwiftyJSON (5.0.1)

DEPENDENCIES:
  - Alamofire
  - KeychainSwift
  - ObjectMapper
  - SDWebImage
  - SwiftyJSON

SPEC REPOS:
  trunk:
    - Alamofire
    - KeychainSwift
    - ObjectMapper
    - SDWebImage
    - SwiftyJSON

SPEC CHECKSUMS:
  Alamofire: df2f8f826963b08b9a870791ad48e07a10090b2e
  KeychainSwift: 0ce6a4d13f7228054d1a71bb1b500448fb2ab837
  ObjectMapper: 97111c97e054a6ee25917662106689f0b4127b37
  SDWebImage: a7f831e1a65eb5e285e3fb046a23fcfbf08e696d
  SwiftyJSON: 2f33a42c6fbc52764d96f13368585094bfd8aa5e

PODFILE CHECKSUM: d6489b7d02512ed2dd0f6f33b2b00194e7ac906b

COCOAPODS: 1.11.2
